
Microsoft Visual Studio Solution File, Format Version 12.00
# Visual Studio Version 17
VisualStudioVersion = 17.0.31903.59
MinimumVisualStudioVersion = 10.0.40219.1
Project("{2150E333-8FDC-42A3-9474-1A3956D46DE8}") = "src", "src", "{827E0CD3-B72D-47B6-A68D-7590B98EB39B}"
EndProject
Project("{FAE04EC0-301F-11D3-BF4B-00C04F79EFBC}") = "AuctionService", "src\AuctionService\AuctionService.csproj", "{378A17E5-37D1-4F9B-B27C-F6C75A7C68F9}"
EndProject
Project("{FAE04EC0-301F-11D3-BF4B-00C04F79EFBC}") = "SearchService", "src\SearchService\SearchService.csproj", "{C0FD41CA-675A-4B4E-B9A5-4907B80C0153}"
EndProject
Project("{FAE04EC0-301F-11D3-BF4B-00C04F79EFBC}") = "Contracts", "src\Contracts\Contracts.csproj", "{3C775FDB-7530-4B4D-91C9-516FEC973839}"
EndProject
Project("{FAE04EC0-301F-11D3-BF4B-00C04F79EFBC}") = "IdentityService", "src\IdentityService\IdentityService.csproj", "{1038D044-9C63-4B66-BB9C-385D35167E34}"
EndProject
Project("{FAE04EC0-301F-11D3-BF4B-00C04F79EFBC}") = "GatewayService", "src\GatewayService\GatewayService.csproj", "{FD86C26C-6005-4A0B-9DBB-FC493A0EB708}"
EndProject
Project("{FAE04EC0-301F-11D3-BF4B-00C04F79EFBC}") = "BiddingService", "src\BiddingService\BiddingService.csproj", "{B703A3BC-CBE1-4357-BD58-62F3C9E955F2}"
EndProject
Global
	GlobalSection(SolutionConfigurationPlatforms) = preSolution
		Debug|Any CPU = Debug|Any CPU
		Debug|x64 = Debug|x64
		Debug|x86 = Debug|x86
		Release|Any CPU = Release|Any CPU
		Release|x64 = Release|x64
		Release|x86 = Release|x86
	EndGlobalSection
	GlobalSection(ProjectConfigurationPlatforms) = postSolution
		{378A17E5-37D1-4F9B-B27C-F6C75A7C68F9}.Debug|Any CPU.ActiveCfg = Debug|Any CPU
		{378A17E5-37D1-4F9B-B27C-F6C75A7C68F9}.Debug|Any CPU.Build.0 = Debug|Any CPU
		{378A17E5-37D1-4F9B-B27C-F6C75A7C68F9}.Debug|x64.ActiveCfg = Debug|Any CPU
		{378A17E5-37D1-4F9B-B27C-F6C75A7C68F9}.Debug|x64.Build.0 = Debug|Any CPU
		{378A17E5-37D1-4F9B-B27C-F6C75A7C68F9}.Debug|x86.ActiveCfg = Debug|Any CPU
		{378A17E5-37D1-4F9B-B27C-F6C75A7C68F9}.Debug|x86.Build.0 = Debug|Any CPU
		{378A17E5-37D1-4F9B-B27C-F6C75A7C68F9}.Release|Any CPU.ActiveCfg = Release|Any CPU
		{378A17E5-37D1-4F9B-B27C-F6C75A7C68F9}.Release|Any CPU.Build.0 = Release|Any CPU
		{378A17E5-37D1-4F9B-B27C-F6C75A7C68F9}.Release|x64.ActiveCfg = Release|Any CPU
		{378A17E5-37D1-4F9B-B27C-F6C75A7C68F9}.Release|x64.Build.0 = Release|Any CPU
		{378A17E5-37D1-4F9B-B27C-F6C75A7C68F9}.Release|x86.ActiveCfg = Release|Any CPU
		{378A17E5-37D1-4F9B-B27C-F6C75A7C68F9}.Release|x86.Build.0 = Release|Any CPU
		{C0FD41CA-675A-4B4E-B9A5-4907B80C0153}.Debug|Any CPU.ActiveCfg = Debug|Any CPU
		{C0FD41CA-675A-4B4E-B9A5-4907B80C0153}.Debug|Any CPU.Build.0 = Debug|Any CPU
		{C0FD41CA-675A-4B4E-B9A5-4907B80C0153}.Debug|x64.ActiveCfg = Debug|Any CPU
		{C0FD41CA-675A-4B4E-B9A5-4907B80C0153}.Debug|x64.Build.0 = Debug|Any CPU
		{C0FD41CA-675A-4B4E-B9A5-4907B80C0153}.Debug|x86.ActiveCfg = Debug|Any CPU
		{C0FD41CA-675A-4B4E-B9A5-4907B80C0153}.Debug|x86.Build.0 = Debug|Any CPU
		{C0FD41CA-675A-4B4E-B9A5-4907B80C0153}.Release|Any CPU.ActiveCfg = Release|Any CPU
		{C0FD41CA-675A-4B4E-B9A5-4907B80C0153}.Release|Any CPU.Build.0 = Release|Any CPU
		{C0FD41CA-675A-4B4E-B9A5-4907B80C0153}.Release|x64.ActiveCfg = Release|Any CPU
		{C0FD41CA-675A-4B4E-B9A5-4907B80C0153}.Release|x64.Build.0 = Release|Any CPU
		{C0FD41CA-675A-4B4E-B9A5-4907B80C0153}.Release|x86.ActiveCfg = Release|Any CPU
		{C0FD41CA-675A-4B4E-B9A5-4907B80C0153}.Release|x86.Build.0 = Release|Any CPU
		{3C775FDB-7530-4B4D-91C9-516FEC973839}.Debug|Any CPU.ActiveCfg = Debug|Any CPU
		{3C775FDB-7530-4B4D-91C9-516FEC973839}.Debug|Any CPU.Build.0 = Debug|Any CPU
		{3C775FDB-7530-4B4D-91C9-516FEC973839}.Debug|x64.ActiveCfg = Debug|Any CPU
		{3C775FDB-7530-4B4D-91C9-516FEC973839}.Debug|x64.Build.0 = Debug|Any CPU
		{3C775FDB-7530-4B4D-91C9-516FEC973839}.Debug|x86.ActiveCfg = Debug|Any CPU
		{3C775FDB-7530-4B4D-91C9-516FEC973839}.Debug|x86.Build.0 = Debug|Any CPU
		{3C775FDB-7530-4B4D-91C9-516FEC973839}.Release|Any CPU.ActiveCfg = Release|Any CPU
		{3C775FDB-7530-4B4D-91C9-516FEC973839}.Release|Any CPU.Build.0 = Release|Any CPU
		{3C775FDB-7530-4B4D-91C9-516FEC973839}.Release|x64.ActiveCfg = Release|Any CPU
		{3C775FDB-7530-4B4D-91C9-516FEC973839}.Release|x64.Build.0 = Release|Any CPU
		{3C775FDB-7530-4B4D-91C9-516FEC973839}.Release|x86.ActiveCfg = Release|Any CPU
		{3C775FDB-7530-4B4D-91C9-516FEC973839}.Release|x86.Build.0 = Release|Any CPU
		{1038D044-9C63-4B66-BB9C-385D35167E34}.Debug|Any CPU.ActiveCfg = Debug|Any CPU
		{1038D044-9C63-4B66-BB9C-385D35167E34}.Debug|Any CPU.Build.0 = Debug|Any CPU
		{1038D044-9C63-4B66-BB9C-385D35167E34}.Debug|x64.ActiveCfg = Debug|Any CPU
		{1038D044-9C63-4B66-BB9C-385D35167E34}.Debug|x64.Build.0 = Debug|Any CPU
		{1038D044-9C63-4B66-BB9C-385D35167E34}.Debug|x86.ActiveCfg = Debug|Any CPU
		{1038D044-9C63-4B66-BB9C-385D35167E34}.Debug|x86.Build.0 = Debug|Any CPU
		{1038D044-9C63-4B66-BB9C-385D35167E34}.Release|Any CPU.ActiveCfg = Release|Any CPU
		{1038D044-9C63-4B66-BB9C-385D35167E34}.Release|Any CPU.Build.0 = Release|Any CPU
		{1038D044-9C63-4B66-BB9C-385D35167E34}.Release|x64.ActiveCfg = Release|Any CPU
		{1038D044-9C63-4B66-BB9C-385D35167E34}.Release|x64.Build.0 = Release|Any CPU
		{1038D044-9C63-4B66-BB9C-385D35167E34}.Release|x86.ActiveCfg = Release|Any CPU
		{1038D044-9C63-4B66-BB9C-385D35167E34}.Release|x86.Build.0 = Release|Any CPU
		{FD86C26C-6005-4A0B-9DBB-FC493A0EB708}.Debug|Any CPU.ActiveCfg = Debug|Any CPU
		{FD86C26C-6005-4A0B-9DBB-FC493A0EB708}.Debug|Any CPU.Build.0 = Debug|Any CPU
		{FD86C26C-6005-4A0B-9DBB-FC493A0EB708}.Debug|x64.ActiveCfg = Debug|Any CPU
		{FD86C26C-6005-4A0B-9DBB-FC493A0EB708}.Debug|x64.Build.0 = Debug|Any CPU
		{FD86C26C-6005-4A0B-9DBB-FC493A0EB708}.Debug|x86.ActiveCfg = Debug|Any CPU
		{FD86C26C-6005-4A0B-9DBB-FC493A0EB708}.Debug|x86.Build.0 = Debug|Any CPU
		{FD86C26C-6005-4A0B-9DBB-FC493A0EB708}.Release|Any CPU.ActiveCfg = Release|Any CPU
		{FD86C26C-6005-4A0B-9DBB-FC493A0EB708}.Release|Any CPU.Build.0 = Release|Any CPU
		{FD86C26C-6005-4A0B-9DBB-FC493A0EB708}.Release|x64.ActiveCfg = Release|Any CPU
		{FD86C26C-6005-4A0B-9DBB-FC493A0EB708}.Release|x64.Build.0 = Release|Any CPU
		{FD86C26C-6005-4A0B-9DBB-FC493A0EB708}.Release|x86.ActiveCfg = Release|Any CPU
		{FD86C26C-6005-4A0B-9DBB-FC493A0EB708}.Release|x86.Build.0 = Release|Any CPU
		{B703A3BC-CBE1-4357-BD58-62F3C9E955F2}.Debug|Any CPU.ActiveCfg = Debug|Any CPU
		{B703A3BC-CBE1-4357-BD58-62F3C9E955F2}.Debug|Any CPU.Build.0 = Debug|Any CPU
		{B703A3BC-CBE1-4357-BD58-62F3C9E955F2}.Debug|x64.ActiveCfg = Debug|Any CPU
		{B703A3BC-CBE1-4357-BD58-62F3C9E955F2}.Debug|x64.Build.0 = Debug|Any CPU
		{B703A3BC-CBE1-4357-BD58-62F3C9E955F2}.Debug|x86.ActiveCfg = Debug|Any CPU
		{B703A3BC-CBE1-4357-BD58-62F3C9E955F2}.Debug|x86.Build.0 = Debug|Any CPU
		{B703A3BC-CBE1-4357-BD58-62F3C9E955F2}.Release|Any CPU.ActiveCfg = Release|Any CPU
		{B703A3BC-CBE1-4357-BD58-62F3C9E955F2}.Release|Any CPU.Build.0 = Release|Any CPU
		{B703A3BC-CBE1-4357-BD58-62F3C9E955F2}.Release|x64.ActiveCfg = Release|Any CPU
		{B703A3BC-CBE1-4357-BD58-62F3C9E955F2}.Release|x64.Build.0 = Release|Any CPU
		{B703A3BC-CBE1-4357-BD58-62F3C9E955F2}.Release|x86.ActiveCfg = Release|Any CPU
		{B703A3BC-CBE1-4357-BD58-62F3C9E955F2}.Release|x86.Build.0 = Release|Any CPU
	EndGlobalSection
	GlobalSection(SolutionProperties) = preSolution
		HideSolutionNode = FALSE
	EndGlobalSection
	GlobalSection(NestedProjects) = preSolution
		{378A17E5-37D1-4F9B-B27C-F6C75A7C68F9} = {827E0CD3-B72D-47B6-A68D-7590B98EB39B}
		{C0FD41CA-675A-4B4E-B9A5-4907B80C0153} = {827E0CD3-B72D-47B6-A68D-7590B98EB39B}
		{3C775FDB-7530-4B4D-91C9-516FEC973839} = {827E0CD3-B72D-47B6-A68D-7590B98EB39B}
		{1038D044-9C63-4B66-BB9C-385D35167E34} = {827E0CD3-B72D-47B6-A68D-7590B98EB39B}
		{FD86C26C-6005-4A0B-9DBB-FC493A0EB708} = {827E0CD3-B72D-47B6-A68D-7590B98EB39B}
		{B703A3BC-CBE1-4357-BD58-62F3C9E955F2} = {827E0CD3-B72D-47B6-A68D-7590B98EB39B}
	EndGlobalSection
EndGlobal
